// !$*UTF8*$!
{
	archiveVersion = 1;
	classes = {
	};
	objectVersion = 77;
	objects = {

/* Begin PBXBuildFile section */
		D820454D2D71F08B0099D927 /* SDWebImage in Frameworks */ = {isa = PBXBuildFile; productRef = D820454C2D71F08B0099D927 /* SDWebImage */; };
		D8D4DB032D67A16D0020EBD2 /* FirebaseAnalytics in Frameworks */ = {isa = PBXBuildFile; productRef = D8D4DB022D67A16D0020EBD2 /* FirebaseAnalytics */; };
		D8D4DB052D67A16D0020EBD2 /* FirebaseAuth in Frameworks */ = {isa = PBXBuildFile; productRef = D8D4DB042D67A16D0020EBD2 /* FirebaseAuth */; };
		D8D4DB072D67A16D0020EBD2 /* FirebaseCore in Frameworks */ = {isa = PBXBuildFile; productRef = D8D4DB062D67A16D0020EBD2 /* FirebaseCore */; };
		D8D4DB092D67A16D0020EBD2 /* FirebaseDatabase in Frameworks */ = {isa = PBXBuildFile; productRef = D8D4DB082D67A16D0020EBD2 /* FirebaseDatabase */; };
		D8D4DB0B2D67A16D0020EBD2 /* FirebaseFirestore in Frameworks */ = {isa = PBXBuildFile; productRef = D8D4DB0A2D67A16D0020EBD2 /* FirebaseFirestore */; };
		D8D4DB0D2D67A16D0020EBD2 /* FirebaseStorage in Frameworks */ = {isa = PBXBuildFile; productRef = D8D4DB0C2D67A16D0020EBD2 /* FirebaseStorage */; };
/* End PBXBuildFile section */

/* Begin PBXContainerItemProxy section */
		D8D4DADF2D679C430020EBD2 /* PBXContainerItemProxy */ = {
			isa = PBXContainerItemProxy;
			containerPortal = D8D4DAC02D679C400020EBD2 /* Project object */;
			proxyType = 1;
			remoteGlobalIDString = D8D4DAC72D679C400020EBD2;
			remoteInfo = NewsYork;
		};
		D8D4DAE92D679C430020EBD2 /* PBXContainerItemProxy */ = {
			isa = PBXContainerItemProxy;
			containerPortal = D8D4DAC02D679C400020EBD2 /* Project object */;
			proxyType = 1;
			remoteGlobalIDString = D8D4DAC72D679C400020EBD2;
			remoteInfo = NewsYork;
		};
/* End PBXContainerItemProxy section */

/* Begin PBXFileReference section */
		D8D4DAC82D679C400020EBD2 /* NewsYork.app */ = {isa = PBXFileReference; explicitFileType = wrapper.application; includeInIndex = 0; path = NewsYork.app; sourceTree = BUILT_PRODUCTS_DIR; };
		D8D4DADE2D679C430020EBD2 /* NewsYorkTests.xctest */ = {isa = PBXFileReference; explicitFileType = wrapper.cfbundle; includeInIndex = 0; path = NewsYorkTests.xctest; sourceTree = BUILT_PRODUCTS_DIR; };
		D8D4DAE82D679C430020EBD2 /* NewsYorkUITests.xctest */ = {isa = PBXFileReference; explicitFileType = wrapper.cfbundle; includeInIndex = 0; path = NewsYorkUITests.xctest; sourceTree = BUILT_PRODUCTS_DIR; };
/* End PBXFileReference section */

/* Begin PBXFileSystemSynchronizedBuildFileExceptionSet section */
		D8D4DAF02D679C430020EBD2 /* Exceptions for "NewsYork" folder in "NewsYork" target */ = {
			isa = PBXFileSystemSynchronizedBuildFileExceptionSet;
			membershipExceptions = (
				Info.plist,
			);
			target = D8D4DAC72D679C400020EBD2 /* NewsYork */;
		};
/* End PBXFileSystemSynchronizedBuildFileExceptionSet section */

/* Begin PBXFileSystemSynchronizedRootGroup section */
		D8D4DACA2D679C400020EBD2 /* NewsYork */ = {
			isa = PBXFileSystemSynchronizedRootGroup;
			exceptions = (
				D8D4DAF02D679C430020EBD2 /* Exceptions for "NewsYork" folder in "NewsYork" target */,
			);
			path = NewsYork;
			sourceTree = "<group>";
		};
		D8D4DAE12D679C430020EBD2 /* NewsYorkTests */ = {
			isa = PBXFileSystemSynchronizedRootGroup;
			path = NewsYorkTests;
			sourceTree = "<group>";
		};
		D8D4DAEB2D679C430020EBD2 /* NewsYorkUITests */ = {
			isa = PBXFileSystemSynchronizedRootGroup;
			path = NewsYorkUITests;
			sourceTree = "<group>";
		};
/* End PBXFileSystemSynchronizedRootGroup section */

/* Begin PBXFrameworksBuildPhase section */
		D8D4DAC52D679C400020EBD2 /* Frameworks */ = {
			isa = PBXFrameworksBuildPhase;
			buildActionMask = 2147483647;
			files = (
				D8D4DB032D67A16D0020EBD2 /* FirebaseAnalytics in Frameworks */,
				D8D4DB072D67A16D0020EBD2 /* FirebaseCore in Frameworks */,
				D8D4DB092D67A16D0020EBD2 /* FirebaseDatabase in Frameworks */,
				D820454D2D71F08B0099D927 /* SDWebImage in Frameworks */,
				D8D4DB0B2D67A16D0020EBD2 /* FirebaseFirestore in Frameworks */,
				D8D4DB052D67A16D0020EBD2 /* FirebaseAuth in Frameworks */,
				D8D4DB0D2D67A16D0020EBD2 /* FirebaseStorage in Frameworks */,
			);
			runOnlyForDeploymentPostprocessing = 0;
		};
		D8D4DADB2D679C430020EBD2 /* Frameworks */ = {
			isa = PBXFrameworksBuildPhase;
			buildActionMask = 2147483647;
			files = (
			);
			runOnlyForDeploymentPostprocessing = 0;
		};
		D8D4DAE52D679C430020EBD2 /* Frameworks */ = {
			isa = PBXFrameworksBuildPhase;
			buildActionMask = 2147483647;
			files = (
			);
			runOnlyForDeploymentPostprocessing = 0;
		};
/* End PBXFrameworksBuildPhase section */

/* Begin PBXGroup section */
		D8D4DABF2D679C400020EBD2 = {
			isa = PBXGroup;
			children = (
				D8D4DACA2D679C400020EBD2 /* NewsYork */,
				D8D4DAE12D679C430020EBD2 /* NewsYorkTests */,
				D8D4DAEB2D679C430020EBD2 /* NewsYorkUITests */,
				D8D4DAC92D679C400020EBD2 /* Products */,
			);
			sourceTree = "<group>";
		};
		D8D4DAC92D679C400020EBD2 /* Products */ = {
			isa = PBXGroup;
			children = (
				D8D4DAC82D679C400020EBD2 /* NewsYork.app */,
				D8D4DADE2D679C430020EBD2 /* NewsYorkTests.xctest */,
				D8D4DAE82D679C430020EBD2 /* NewsYorkUITests.xctest */,
			);
			name = Products;
			sourceTree = "<group>";
		};
/* End PBXGroup section */

/* Begin PBXNativeTarget section */
		D8D4DAC72D679C400020EBD2 /* NewsYork */ = {
			isa = PBXNativeTarget;
			buildConfigurationList = D8D4DAF12D679C430020EBD2 /* Build configuration list for PBXNativeTarget "NewsYork" */;
			buildPhases = (
				D8D4DAC42D679C400020EBD2 /* Sources */,
				D8D4DAC52D679C400020EBD2 /* Frameworks */,
				D8D4DAC62D679C400020EBD2 /* Resources */,
			);
			buildRules = (
			);
			dependencies = (
			);
			fileSystemSynchronizedGroups = (
				D8D4DACA2D679C400020EBD2 /* NewsYork */,
			);
			name = NewsYork;
			packageProductDependencies = (
				D8D4DB022D67A16D0020EBD2 /* FirebaseAnalytics */,
				D8D4DB042D67A16D0020EBD2 /* FirebaseAuth */,
				D8D4DB062D67A16D0020EBD2 /* FirebaseCore */,
				D8D4DB082D67A16D0020EBD2 /* FirebaseDatabase */,
				D8D4DB0A2D67A16D0020EBD2 /* FirebaseFirestore */,
				D8D4DB0C2D67A16D0020EBD2 /* FirebaseStorage */,
				D820454C2D71F08B0099D927 /* SDWebImage */,
			);
			productName = NewsYork;
			productReference = D8D4DAC82D679C400020EBD2 /* NewsYork.app */;
			productType = "com.apple.product-type.application";
		};
		D8D4DADD2D679C430020EBD2 /* NewsYorkTests */ = {
			isa = PBXNativeTarget;
			buildConfigurationList = D8D4DAF62D679C430020EBD2 /* Build configuration list for PBXNativeTarget "NewsYorkTests" */;
			buildPhases = (
				D8D4DADA2D679C430020EBD2 /* Sources */,
				D8D4DADB2D679C430020EBD2 /* Frameworks */,
				D8D4DADC2D679C430020EBD2 /* Resources */,
			);
			buildRules = (
			);
			dependencies = (
				D8D4DAE02D679C430020EBD2 /* PBXTargetDependency */,
			);
			fileSystemSynchronizedGroups = (
				D8D4DAE12D679C430020EBD2 /* NewsYorkTests */,
			);
			name = NewsYorkTests;
			packageProductDependencies = (
			);
			productName = NewsYorkTests;
			productReference = D8D4DADE2D679C430020EBD2 /* NewsYorkTests.xctest */;
			productType = "com.apple.product-type.bundle.unit-test";
		};
		D8D4DAE72D679C430020EBD2 /* NewsYorkUITests */ = {
			isa = PBXNativeTarget;
			buildConfigurationList = D8D4DAF92D679C430020EBD2 /* Build configuration list for PBXNativeTarget "NewsYorkUITests" */;
			buildPhases = (
				D8D4DAE42D679C430020EBD2 /* Sources */,
				D8D4DAE52D679C430020EBD2 /* Frameworks */,
				D8D4DAE62D679C430020EBD2 /* Resources */,
			);
			buildRules = (
			);
			dependencies = (
				D8D4DAEA2D679C430020EBD2 /* PBXTargetDependency */,
			);
			fileSystemSynchronizedGroups = (
				D8D4DAEB2D679C430020EBD2 /* NewsYorkUITests */,
			);
			name = NewsYorkUITests;
			packageProductDependencies = (
			);
			productName = NewsYorkUITests;
			productReference = D8D4DAE82D679C430020EBD2 /* NewsYorkUITests.xctest */;
			productType = "com.apple.product-type.bundle.ui-testing";
		};
/* End PBXNativeTarget section */

/* Begin PBXProject section */
		D8D4DAC02D679C400020EBD2 /* Project object */ = {
			isa = PBXProject;
			attributes = {
				BuildIndependentTargetsInParallel = 1;
				LastSwiftUpdateCheck = 1620;
				LastUpgradeCheck = 1620;
				TargetAttributes = {
					D8D4DAC72D679C400020EBD2 = {
						CreatedOnToolsVersion = 16.2;
					};
					D8D4DADD2D679C430020EBD2 = {
						CreatedOnToolsVersion = 16.2;
						TestTargetID = D8D4DAC72D679C400020EBD2;
					};
					D8D4DAE72D679C430020EBD2 = {
						CreatedOnToolsVersion = 16.2;
						TestTargetID = D8D4DAC72D679C400020EBD2;
					};
				};
			};
			buildConfigurationList = D8D4DAC32D679C400020EBD2 /* Build configuration list for PBXProject "NewsYork" */;
			developmentRegion = en;
			hasScannedForEncodings = 0;
			knownRegions = (
				en,
				Base,
			);
			mainGroup = D8D4DABF2D679C400020EBD2;
			minimizedProjectReferenceProxies = 1;
			packageReferences = (
				D8D4DB012D67A16D0020EBD2 /* XCRemoteSwiftPackageReference "firebase-ios-sdk" */,
				D820454B2D71F08B0099D927 /* XCRemoteSwiftPackageReference "SDWebImage" */,
			);
			preferredProjectObjectVersion = 77;
			productRefGroup = D8D4DAC92D679C400020EBD2 /* Products */;
			projectDirPath = "";
			projectRoot = "";
			targets = (
				D8D4DAC72D679C400020EBD2 /* NewsYork */,
				D8D4DADD2D679C430020EBD2 /* NewsYorkTests */,
				D8D4DAE72D679C430020EBD2 /* NewsYorkUITests */,
			);
		};
/* End PBXProject section */

/* Begin PBXResourcesBuildPhase section */
		D8D4DAC62D679C400020EBD2 /* Resources */ = {
			isa = PBXResourcesBuildPhase;
			buildActionMask = 2147483647;
			files = (
			);
			runOnlyForDeploymentPostprocessing = 0;
		};
		D8D4DADC2D679C430020EBD2 /* Resources */ = {
			isa = PBXResourcesBuildPhase;
			buildActionMask = 2147483647;
			files = (
			);
			runOnlyForDeploymentPostprocessing = 0;
		};
		D8D4DAE62D679C430020EBD2 /* Resources */ = {
			isa = PBXResourcesBuildPhase;
			buildActionMask = 2147483647;
			files = (
			);
			runOnlyForDeploymentPostprocessing = 0;
		};
/* End PBXResourcesBuildPhase section */

/* Begin PBXSourcesBuildPhase section */
		D8D4DAC42D679C400020EBD2 /* Sources */ = {
			isa = PBXSourcesBuildPhase;
			buildActionMask = 2147483647;
			files = (
			);
			runOnlyForDeploymentPostprocessing = 0;
		};
		D8D4DADA2D679C430020EBD2 /* Sources */ = {
			isa = PBXSourcesBuildPhase;
			buildActionMask = 2147483647;
			files = (
			);
			runOnlyForDeploymentPostprocessing = 0;
		};
		D8D4DAE42D679C430020EBD2 /* Sources */ = {
			isa = PBXSourcesBuildPhase;
			buildActionMask = 2147483647;
			files = (
			);
			runOnlyForDeploymentPostprocessing = 0;
		};
/* End PBXSourcesBuildPhase section */

/* Begin PBXTargetDependency section */
		D8D4DAE02D679C430020EBD2 /* PBXTargetDependency */ = {
			isa = PBXTargetDependency;
			target = D8D4DAC72D679C400020EBD2 /* NewsYork */;
			targetProxy = D8D4DADF2D679C430020EBD2 /* PBXContainerItemProxy */;
		};
		D8D4DAEA2D679C430020EBD2 /* PBXTargetDependency */ = {
			isa = PBXTargetDependency;
			target = D8D4DAC72D679C400020EBD2 /* NewsYork */;
			targetProxy = D8D4DAE92D679C430020EBD2 /* PBXContainerItemProxy */;
		};
/* End PBXTargetDependency section */

/* Begin XCBuildConfiguration section */
		D8D4DAF22D679C430020EBD2 /* Debug */ = {
			isa = XCBuildConfiguration;
			buildSettings = {
				ASSETCATALOG_COMPILER_APPICON_NAME = AppIcon;
				ASSETCATALOG_COMPILER_GLOBAL_ACCENT_COLOR_NAME = AccentColor;
				CODE_SIGN_STYLE = Automatic;
				CURRENT_PROJECT_VERSION = 1;
				DEVELOPMENT_TEAM = YM4BUS8N7P;
				GENERATE_INFOPLIST_FILE = YES;
				INFOPLIST_FILE = NewsYork/Info.plist;
				INFOPLIST_KEY_UIApplicationSupportsIndirectInputEvents = YES;
				INFOPLIST_KEY_UILaunchStoryboardName = LaunchScreen;
				INFOPLIST_KEY_UIMainStoryboardFile = Main;
				INFOPLIST_KEY_UIStatusBarStyle = "";
				INFOPLIST_KEY_UISupportedInterfaceOrientations_iPad = "UIInterfaceOrientationPortrait UIInterfaceOrientationPortraitUpsideDown UIInterfaceOrientationLandscapeLeft UIInterfaceOrientationLandscapeRight";
				INFOPLIST_KEY_UISupportedInterfaceOrientations_iPhone = "UIInterfaceOrientationPortrait UIInterfaceOrientationLandscapeLeft UIInterfaceOrientationLandscapeRight";
				IPHONEOS_DEPLOYMENT_TARGET = 18.2;
				LD_RUNPATH_SEARCH_PATHS = (
					"$(inherited)",
					"@executable_path/Frameworks",
				);
				MARKETING_VERSION = 1.0;
				PRODUCT_BUNDLE_IDENTIFIER = com.beyzanurtekerek.NewsYork;
				PRODUCT_NAME = "$(TARGET_NAME)";
				SUPPORTED_PLATFORMS = "iphoneos iphonesimulator";
				SUPPORTS_MACCATALYST = NO;
				SUPPORTS_MAC_DESIGNED_FOR_IPHONE_IPAD = NO;
				SUPPORTS_XR_DESIGNED_FOR_IPHONE_IPAD = NO;
				SWIFT_EMIT_LOC_STRINGS = YES;
				SWIFT_VERSION = 5.0;
				TARGETED_DEVICE_FAMILY = 1;
			};
			name = Debug;
		};
		D8D4DAF32D679C430020EBD2 /* Release */ = {
			isa = XCBuildConfiguration;
			buildSettings = {
				ASSETCATALOG_COMPILER_APPICON_NAME = AppIcon;
				ASSETCATALOG_COMPILER_GLOBAL_ACCENT_COLOR_NAME = AccentColor;
				CODE_SIGN_STYLE = Automatic;
				CURRENT_PROJECT_VERSION = 1;
				DEVELOPMENT_TEAM = YM4BUS8N7P;
				GENERATE_INFOPLIST_FILE = YES;
				INFOPLIST_FILE = NewsYork/Info.plist;
				INFOPLIST_KEY_UIApplicationSupportsIndirectInputEvents = YES;
				INFOPLIST_KEY_UILaunchStoryboardName = LaunchScreen;
				INFOPLIST_KEY_UIMainStoryboardFile = Main;
				INFOPLIST_KEY_UIStatusBarStyle = "";
				INFOPLIST_KEY_UISupportedInterfaceOrientations_iPad = "UIInterfaceOrientationPortrait UIInterfaceOrientationPortraitUpsideDown UIInterfaceOrientationLandscapeLeft UIInterfaceOrientationLandscapeRight";
				INFOPLIST_KEY_UISupportedInterfaceOrientations_iPhone = "UIInterfaceOrientationPortrait UIInterfaceOrientationLandscapeLeft UIInterfaceOrientationLandscapeRight";
				IPHONEOS_DEPLOYMENT_TARGET = 18.2;
				LD_RUNPATH_SEARCH_PATHS = (
					"$(inherited)",
					"@executable_path/Frameworks",
				);
				MARKETING_VERSION = 1.0;
				PRODUCT_BUNDLE_IDENTIFIER = com.beyzanurtekerek.NewsYork;
				PRODUCT_NAME = "$(TARGET_NAME)";
				SUPPORTED_PLATFORMS = "iphoneos iphonesimulator";
				SUPPORTS_MACCATALYST = NO;
				SUPPORTS_MAC_DESIGNED_FOR_IPHONE_IPAD = NO;
				SUPPORTS_XR_DESIGNED_FOR_IPHONE_IPAD = NO;
				SWIFT_EMIT_LOC_STRINGS = YES;
				SWIFT_VERSION = 5.0;
				TARGETED_DEVICE_FAMILY = 1;
			};
			name = Release;
		};
		D8D4DAF42D679C430020EBD2 /* Debug */ = {
			isa = XCBuildConfiguration;
			buildSettings = {
				ALWAYS_SEARCH_USER_PATHS = NO;
				ASSETCATALOG_COMPILER_GENERATE_SWIFT_ASSET_SYMBOL_EXTENSIONS = YES;
				CLANG_ANALYZER_NONNULL = YES;
				CLANG_ANALYZER_NUMBER_OBJECT_CONVERSION = YES_AGGRESSIVE;
				CLANG_CXX_LANGUAGE_STANDARD = "gnu++20";
				CLANG_ENABLE_MODULES = YES;
				CLANG_ENABLE_OBJC_ARC = YES;
				CLANG_ENABLE_OBJC_WEAK = YES;
				CLANG_WARN_BLOCK_CAPTURE_AUTORELEASING = YES;
				CLANG_WARN_BOOL_CONVERSION = YES;
				CLANG_WARN_COMMA = YES;
				CLANG_WARN_CONSTANT_CONVERSION = YES;
				CLANG_WARN_DEPRECATED_OBJC_IMPLEMENTATIONS = YES;
				CLANG_WARN_DIRECT_OBJC_ISA_USAGE = YES_ERROR;
				CLANG_WARN_DOCUMENTATION_COMMENTS = YES;
				CLANG_WARN_EMPTY_BODY = YES;
				CLANG_WARN_ENUM_CONVERSION = YES;
				CLANG_WARN_INFINITE_RECURSION = YES;
				CLANG_WARN_INT_CONVERSION = YES;
				CLANG_WARN_NON_LITERAL_NULL_CONVERSION = YES;
				CLANG_WARN_OBJC_IMPLICIT_RETAIN_SELF = YES;
				CLANG_WARN_OBJC_LITERAL_CONVERSION = YES;
				CLANG_WARN_OBJC_ROOT_CLASS = YES_ERROR;
				CLANG_WARN_QUOTED_INCLUDE_IN_FRAMEWORK_HEADER = YES;
				CLANG_WARN_RANGE_LOOP_ANALYSIS = YES;
				CLANG_WARN_STRICT_PROTOTYPES = YES;
				CLANG_WARN_SUSPICIOUS_MOVE = YES;
				CLANG_WARN_UNGUARDED_AVAILABILITY = YES_AGGRESSIVE;
				CLANG_WARN_UNREACHABLE_CODE = YES;
				CLANG_WARN__DUPLICATE_METHOD_MATCH = YES;
				COPY_PHASE_STRIP = NO;
				DEBUG_INFORMATION_FORMAT = dwarf;
				ENABLE_STRICT_OBJC_MSGSEND = YES;
				ENABLE_TESTABILITY = YES;
				ENABLE_USER_SCRIPT_SANDBOXING = YES;
				GCC_C_LANGUAGE_STANDARD = gnu17;
				GCC_DYNAMIC_NO_PIC = NO;
				GCC_NO_COMMON_BLOCKS = YES;
				GCC_OPTIMIZATION_LEVEL = 0;
				GCC_PREPROCESSOR_DEFINITIONS = (
					"DEBUG=1",
					"$(inherited)",
				);
				GCC_WARN_64_TO_32_BIT_CONVERSION = YES;
				GCC_WARN_ABOUT_RETURN_TYPE = YES_ERROR;
				GCC_WARN_UNDECLARED_SELECTOR = YES;
				GCC_WARN_UNINITIALIZED_AUTOS = YES_AGGRESSIVE;
				GCC_WARN_UNUSED_FUNCTION = YES;
				GCC_WARN_UNUSED_VARIABLE = YES;
				IPHONEOS_DEPLOYMENT_TARGET = 18.2;
				LOCALIZATION_PREFERS_STRING_CATALOGS = YES;
				MTL_ENABLE_DEBUG_INFO = INCLUDE_SOURCE;
				MTL_FAST_MATH = YES;
				ONLY_ACTIVE_ARCH = YES;
				SDKROOT = iphoneos;
				SWIFT_ACTIVE_COMPILATION_CONDITIONS = "DEBUG $(inherited)";
				SWIFT_OPTIMIZATION_LEVEL = "-Onone";
			};
			name = Debug;
		};
		D8D4DAF52D679C430020EBD2 /* Release */ = {
			isa = XCBuildConfiguration;
			buildSettings = {
				ALWAYS_SEARCH_USER_PATHS = NO;
				ASSETCATALOG_COMPILER_GENERATE_SWIFT_ASSET_SYMBOL_EXTENSIONS = YES;
				CLANG_ANALYZER_NONNULL = YES;
				CLANG_ANALYZER_NUMBER_OBJECT_CONVERSION = YES_AGGRESSIVE;
				CLANG_CXX_LANGUAGE_STANDARD = "gnu++20";
				CLANG_ENABLE_MODULES = YES;
				CLANG_ENABLE_OBJC_ARC = YES;
				CLANG_ENABLE_OBJC_WEAK = YES;
				CLANG_WARN_BLOCK_CAPTURE_AUTORELEASING = YES;
				CLANG_WARN_BOOL_CONVERSION = YES;
				CLANG_WARN_COMMA = YES;
				CLANG_WARN_CONSTANT_CONVERSION = YES;
				CLANG_WARN_DEPRECATED_OBJC_IMPLEMENTATIONS = YES;
				CLANG_WARN_DIRECT_OBJC_ISA_USAGE = YES_ERROR;
				CLANG_WARN_DOCUMENTATION_COMMENTS = YES;
				CLANG_WARN_EMPTY_BODY = YES;
				CLANG_WARN_ENUM_CONVERSION = YES;
				CLANG_WARN_INFINITE_RECURSION = YES;
				CLANG_WARN_INT_CONVERSION = YES;
				CLANG_WARN_NON_LITERAL_NULL_CONVERSION = YES;
				CLANG_WARN_OBJC_IMPLICIT_RETAIN_SELF = YES;
				CLANG_WARN_OBJC_LITERAL_CONVERSION = YES;
				CLANG_WARN_OBJC_ROOT_CLASS = YES_ERROR;
				CLANG_WARN_QUOTED_INCLUDE_IN_FRAMEWORK_HEADER = YES;
				CLANG_WARN_RANGE_LOOP_ANALYSIS = YES;
				CLANG_WARN_STRICT_PROTOTYPES = YES;
				CLANG_WARN_SUSPICIOUS_MOVE = YES;
				CLANG_WARN_UNGUARDED_AVAILABILITY = YES_AGGRESSIVE;
				CLANG_WARN_UNREACHABLE_CODE = YES;
				CLANG_WARN__DUPLICATE_METHOD_MATCH = YES;
				COPY_PHASE_STRIP = NO;
				DEBUG_INFORMATION_FORMAT = "dwarf-with-dsym";
				ENABLE_NS_ASSERTIONS = NO;
				ENABLE_STRICT_OBJC_MSGSEND = YES;
				ENABLE_USER_SCRIPT_SANDBOXING = YES;
				GCC_C_LANGUAGE_STANDARD = gnu17;
				GCC_NO_COMMON_BLOCKS = YES;
				GCC_WARN_64_TO_32_BIT_CONVERSION = YES;
				GCC_WARN_ABOUT_RETURN_TYPE = YES_ERROR;
				GCC_WARN_UNDECLARED_SELECTOR = YES;
				GCC_WARN_UNINITIALIZED_AUTOS = YES_AGGRESSIVE;
				GCC_WARN_UNUSED_FUNCTION = YES;
				GCC_WARN_UNUSED_VARIABLE = YES;
				IPHONEOS_DEPLOYMENT_TARGET = 18.2;
				LOCALIZATION_PREFERS_STRING_CATALOGS = YES;
				MTL_ENABLE_DEBUG_INFO = NO;
				MTL_FAST_MATH = YES;
				SDKROOT = iphoneos;
				SWIFT_COMPILATION_MODE = wholemodule;
				VALIDATE_PRODUCT = YES;
			};
			name = Release;
		};
		D8D4DAF72D679C430020EBD2 /* Debug */ = {
			isa = XCBuildConfiguration;
			buildSettings = {
				BUNDLE_LOADER = "$(TEST_HOST)";
				CODE_SIGN_STYLE = Automatic;
				CURRENT_PROJECT_VERSION = 1;
				DEVELOPMENT_TEAM = YM4BUS8N7P;
				GENERATE_INFOPLIST_FILE = YES;
				IPHONEOS_DEPLOYMENT_TARGET = 18.2;
				MARKETING_VERSION = 1.0;
				PRODUCT_BUNDLE_IDENTIFIER = com.beyzanurtekerek.NewsYorkTests;
				PRODUCT_NAME = "$(TARGET_NAME)";
				SWIFT_EMIT_LOC_STRINGS = NO;
				SWIFT_VERSION = 5.0;
				TARGETED_DEVICE_FAMILY = "1,2";
				TEST_HOST = "$(BUILT_PRODUCTS_DIR)/NewsYork.app/$(BUNDLE_EXECUTABLE_FOLDER_PATH)/NewsYork";
			};
			name = Debug;
		};
		D8D4DAF82D679C430020EBD2 /* Release */ = {
			isa = XCBuildConfiguration;
			buildSettings = {
				BUNDLE_LOADER = "$(TEST_HOST)";
				CODE_SIGN_STYLE = Automatic;
				CURRENT_PROJECT_VERSION = 1;
				DEVELOPMENT_TEAM = YM4BUS8N7P;
				GENERATE_INFOPLIST_FILE = YES;
				IPHONEOS_DEPLOYMENT_TARGET = 18.2;
				MARKETING_VERSION = 1.0;
				PRODUCT_BUNDLE_IDENTIFIER = com.beyzanurtekerek.NewsYorkTests;
				PRODUCT_NAME = "$(TARGET_NAME)";
				SWIFT_EMIT_LOC_STRINGS = NO;
				SWIFT_VERSION = 5.0;
				TARGETED_DEVICE_FAMILY = "1,2";
				TEST_HOST = "$(BUILT_PRODUCTS_DIR)/NewsYork.app/$(BUNDLE_EXECUTABLE_FOLDER_PATH)/NewsYork";
			};
			name = Release;
		};
		D8D4DAFA2D679C430020EBD2 /* Debug */ = {
			isa = XCBuildConfiguration;
			buildSettings = {
				CODE_SIGN_STYLE = Automatic;
				CURRENT_PROJECT_VERSION = 1;
				DEVELOPMENT_TEAM = YM4BUS8N7P;
				GENERATE_INFOPLIST_FILE = YES;
				MARKETING_VERSION = 1.0;
				PRODUCT_BUNDLE_IDENTIFIER = com.beyzanurtekerek.NewsYorkUITests;
				PRODUCT_NAME = "$(TARGET_NAME)";
				SWIFT_EMIT_LOC_STRINGS = NO;
				SWIFT_VERSION = 5.0;
				TARGETED_DEVICE_FAMILY = "1,2";
				TEST_TARGET_NAME = NewsYork;
			};
			name = Debug;
		};
		D8D4DAFB2D679C430020EBD2 /* Release */ = {
			isa = XCBuildConfiguration;
			buildSettings = {
				CODE_SIGN_STYLE = Automatic;
				CURRENT_PROJECT_VERSION = 1;
				DEVELOPMENT_TEAM = YM4BUS8N7P;
				GENERATE_INFOPLIST_FILE = YES;
				MARKETING_VERSION = 1.0;
				PRODUCT_BUNDLE_IDENTIFIER = com.beyzanurtekerek.NewsYorkUITests;
				PRODUCT_NAME = "$(TARGET_NAME)";
				SWIFT_EMIT_LOC_STRINGS = NO;
				SWIFT_VERSION = 5.0;
				TARGETED_DEVICE_FAMILY = "1,2";
				TEST_TARGET_NAME = NewsYork;
			};
			name = Release;
		};
/* End XCBuildConfiguration section */

/* Begin XCConfigurationList section */
		D8D4DAC32D679C400020EBD2 /* Build configuration list for PBXProject "NewsYork" */ = {
			isa = XCConfigurationList;
			buildConfigurations = (
				D8D4DAF42D679C430020EBD2 /* Debug */,
				D8D4DAF52D679C430020EBD2 /* Release */,
			);
			defaultConfigurationIsVisible = 0;
			defaultConfigurationName = Release;
		};
		D8D4DAF12D679C430020EBD2 /* Build configuration list for PBXNativeTarget "NewsYork" */ = {
			isa = XCConfigurationList;
			buildConfigurations = (
				D8D4DAF22D679C430020EBD2 /* Debug */,
				D8D4DAF32D679C430020EBD2 /* Release */,
			);
			defaultConfigurationIsVisible = 0;
			defaultConfigurationName = Release;
		};
		D8D4DAF62D679C430020EBD2 /* Build configuration list for PBXNativeTarget "NewsYorkTests" */ = {
			isa = XCConfigurationList;
			buildConfigurations = (
				D8D4DAF72D679C430020EBD2 /* Debug */,
				D8D4DAF82D679C430020EBD2 /* Release */,
			);
			defaultConfigurationIsVisible = 0;
			defaultConfigurationName = Release;
		};
		D8D4DAF92D679C430020EBD2 /* Build configuration list for PBXNativeTarget "NewsYorkUITests" */ = {
			isa = XCConfigurationList;
			buildConfigurations = (
				D8D4DAFA2D679C430020EBD2 /* Debug */,
				D8D4DAFB2D679C430020EBD2 /* Release */,
			);
			defaultConfigurationIsVisible = 0;
			defaultConfigurationName = Release;
		};
/* End XCConfigurationList section */

/* Begin XCRemoteSwiftPackageReference section */
		D820454B2D71F08B0099D927 /* XCRemoteSwiftPackageReference "SDWebImage" */ = {
			isa = XCRemoteSwiftPackageReference;
			repositoryURL = "https://github.com/SDWebImage/SDWebImage.git";
			requirement = {
				kind = upToNextMajorVersion;
				minimumVersion = 5.21.0;
			};
		};
		D8D4DB012D67A16D0020EBD2 /* XCRemoteSwiftPackageReference "firebase-ios-sdk" */ = {
			isa = XCRemoteSwiftPackageReference;
			repositoryURL = "https://github.com/firebase/firebase-ios-sdk.git";
			requirement = {
				kind = upToNextMajorVersion;
				minimumVersion = 11.8.1;
			};
		};
/* End XCRemoteSwiftPackageReference section */

/* Begin XCSwiftPackageProductDependency section */
		D820454C2D71F08B0099D927 /* SDWebImage */ = {
			isa = XCSwiftPackageProductDependency;
			package = D820454B2D71F08B0099D927 /* XCRemoteSwiftPackageReference "SDWebImage" */;
			productName = SDWebImage;
		};
		D8D4DB022D67A16D0020EBD2 /* FirebaseAnalytics */ = {
			isa = XCSwiftPackageProductDependency;
			package = D8D4DB012D67A16D0020EBD2 /* XCRemoteSwiftPackageReference "firebase-ios-sdk" */;
			productName = FirebaseAnalytics;
		};
		D8D4DB042D67A16D0020EBD2 /* FirebaseAuth */ = {
			isa = XCSwiftPackageProductDependency;
			package = D8D4DB012D67A16D0020EBD2 /* XCRemoteSwiftPackageReference "firebase-ios-sdk" */;
			productName = FirebaseAuth;
		};
		D8D4DB062D67A16D0020EBD2 /* FirebaseCore */ = {
			isa = XCSwiftPackageProductDependency;
			package = D8D4DB012D67A16D0020EBD2 /* XCRemoteSwiftPackageReference "firebase-ios-sdk" */;
			productName = FirebaseCore;
		};
		D8D4DB082D67A16D0020EBD2 /* FirebaseDatabase */ = {
			isa = XCSwiftPackageProductDependency;
			package = D8D4DB012D67A16D0020EBD2 /* XCRemoteSwiftPackageReference "firebase-ios-sdk" */;
			productName = FirebaseDatabase;
		};
		D8D4DB0A2D67A16D0020EBD2 /* FirebaseFirestore */ = {
			isa = XCSwiftPackageProductDependency;
			package = D8D4DB012D67A16D0020EBD2 /* XCRemoteSwiftPackageReference "firebase-ios-sdk" */;
			productName = FirebaseFirestore;
		};
		D8D4DB0C2D67A16D0020EBD2 /* FirebaseStorage */ = {
			isa = XCSwiftPackageProductDependency;
			package = D8D4DB012D67A16D0020EBD2 /* XCRemoteSwiftPackageReference "firebase-ios-sdk" */;
			productName = FirebaseStorage;
		};
/* End XCSwiftPackageProductDependency section */
	};
	rootObject = D8D4DAC02D679C400020EBD2 /* Project object */;
}
